
Microsoft Visual Studio Solution File, Format Version 12.00
# Visual Studio 15
VisualStudioVersion = 15.0.26403.3
MinimumVisualStudioVersion = 10.0.40219.1
Project("{FAE04EC0-301F-11D3-BF4B-00C04F79EFBC}") = "EqipmentClassrooms", "EqipmentClassrooms\EqipmentClassrooms.csproj", "{992C2C03-A352-41A8-9B91-DA4FC4FDC998}"
EndProject
Project("{2150E333-8FDC-42A3-9474-1A3956D46DE8}") = "Shared", "Shared", "{1D34D5E1-7A04-41FA-9C07-EA10029CE943}"
EndProject
Project("{2150E333-8FDC-42A3-9474-1A3956D46DE8}") = "Libraries", "Libraries", "{3BE90673-6641-4B19-B101-49F96204A194}"
EndProject
Project("{2150E333-8FDC-42A3-9474-1A3956D46DE8}") = "SubjectArea", "SubjectArea", "{F6C93BBF-001D-4FA1-8CA7-F8A425BA886C}"
EndProject
Project("{2150E333-8FDC-42A3-9474-1A3956D46DE8}") = "Libraries", "Libraries", "{C0A4F332-213B-4CF5-AE63-C2E79B3CF219}"
EndProject
Project("{2150E333-8FDC-42A3-9474-1A3956D46DE8}") = "Training", "Training", "{3F6F4A8F-FB08-4AAB-B09B-8FA49A7BBB91}"
EndProject
Project("{FAE04EC0-301F-11D3-BF4B-00C04F79EFBC}") = "EqipmentClassrom.Training", "EqipmentClassrom.Training\EqipmentClassrom.Training.csproj", "{5E536017-11EE-44D1-A9C7-5D8C7156335E}"
EndProject
Project("{2150E333-8FDC-42A3-9474-1A3956D46DE8}") = "Tests", "Tests", "{37396E91-B6C1-45CC-8DE8-63523223E5AD}"
EndProject
Project("{FAE04EC0-301F-11D3-BF4B-00C04F79EFBC}") = "EqipmentClassroomsArea.Tests", "EqipmentClassroomsArea.Tests\EqipmentClassroomsArea.Tests.csproj", "{CE8112A2-5263-48C4-8D0C-4CA7EADCE9FF}"
EndProject
Project("{FAE04EC0-301F-11D3-BF4B-00C04F79EFBC}") = "Common.Characteristics", "ClassLibrary1\Common.Characteristics.csproj", "{BE1B6F7A-5A63-4FE5-B4D7-19DE235A6C0D}"
EndProject
Project("{FAE04EC0-301F-11D3-BF4B-00C04F79EFBC}") = "Common.Data", "Common.Data\Common.Data.csproj", "{34FC037E-44AC-4583-8532-53888221D600}"
EndProject
Project("{FAE04EC0-301F-11D3-BF4B-00C04F79EFBC}") = "Common.Entities", "Common.Entities\Common.Entities.csproj", "{E82E7E06-734B-4208-A7EB-EE736F462174}"
EndProject
Project("{FAE04EC0-301F-11D3-BF4B-00C04F79EFBC}") = "Common.Events", "Common.Events\Common.Events.csproj", "{764B1D0A-4018-49DC-95DF-E2905E2CA90E}"
EndProject
Project("{FAE04EC0-301F-11D3-BF4B-00C04F79EFBC}") = "Common.Exetensions", "Common.Exetensions\Common.Exetensions.csproj", "{C5CDDE7D-2C0B-42A4-B66E-ECB5047CB8EB}"
EndProject
Project("{FAE04EC0-301F-11D3-BF4B-00C04F79EFBC}") = "EqipmentClassrooms.Data", "EqipmentClassrooms.Data\EqipmentClassrooms.Data.csproj", "{33687004-0288-4010-B145-635B7021C4AC}"
EndProject
Project("{FAE04EC0-301F-11D3-BF4B-00C04F79EFBC}") = "EqipmentClassrooms.StudyObjects", "EqipmentClassrooms.StudyObjects\EqipmentClassrooms.StudyObjects.csproj", "{7FB8489D-A5B3-456D-B3E0-6AC48239F808}"
EndProject
Project("{2150E333-8FDC-42A3-9474-1A3956D46DE8}") = "Applications", "Applications", "{CE4CD9AF-4831-4857-998D-5027B8EA4BD1}"
EndProject
Project("{FAE04EC0-301F-11D3-BF4B-00C04F79EFBC}") = "EqipmentClassroomsAreaFormsUI", "EqipmentClassroomsAreaFormsUI\EqipmentClassroomsAreaFormsUI.csproj", "{2428F6D8-8CB7-49B1-AF46-7DF9A7B45228}"
EndProject
Project("{FAE04EC0-301F-11D3-BF4B-00C04F79EFBC}") = "EqipmentClassrooms.Forms.Editing", "EqipmentClassrooms.Forms.Editing\EqipmentClassrooms.Forms.Editing.csproj", "{06CE5F8D-61C4-4C0B-9949-864E13CD8F0E}"
EndProject
Project("{FAE04EC0-301F-11D3-BF4B-00C04F79EFBC}") = "Common.Forms.TextBrowsing", "Common.Forms.TextBrowsing\Common.Forms.TextBrowsing.csproj", "{5CA07566-9387-49F2-B572-286ADB45BA31}"
EndProject
Project("{FAE04EC0-301F-11D3-BF4B-00C04F79EFBC}") = "EqipmentClassrooms.Data.Integrity", "EqipmentClassrooms.Data.Integrity\EqipmentClassrooms.Data.Integrity.csproj", "{3F06D475-1A22-4EC9-9E5C-0393F01F7E4A}"
EndProject
Project("{FAE04EC0-301F-11D3-BF4B-00C04F79EFBC}") = "EqipmentClassrooms.FileIO", "EqipmentClassrooms.FileIO\EqipmentClassrooms.FileIO.csproj", "{C2236715-7E25-498E-8A0F-3925A268B9C5}"
EndProject
Project("{FAE04EC0-301F-11D3-BF4B-00C04F79EFBC}") = "EqipmentClassrooms.Processing", "EqipmentClassrooms.Processing\EqipmentClassrooms.Processing.csproj", "{59F0D934-F0C5-46C6-B475-6E1B5892EE12}"
EndProject
Project("{FAE04EC0-301F-11D3-BF4B-00C04F79EFBC}") = "Common.Data.FileIO", "Common.Data.FileIO\Common.Data.FileIO.csproj", "{DAE0BED2-FFB7-4A7C-8310-8153AC69BE62}"
EndProject
Project("{FAE04EC0-301F-11D3-BF4B-00C04F79EFBC}") = "Common.Data.Integrity", "Common.Data.Integrity\Common.Data.Integrity.csproj", "{0A6C83D0-601F-454A-939D-BC06BC5AD960}"
EndProject
Project("{FAE04EC0-301F-11D3-BF4B-00C04F79EFBC}") = "Common.Forms.Editing", "Shared\Common.Forms.Editing\Common.Forms.Editing.csproj", "{2D116F99-17B7-4775-A6EC-96E95353E92F}"
EndProject
Global
	GlobalSection(SolutionConfigurationPlatforms) = preSolution
		Debug|Any CPU = Debug|Any CPU
		Release|Any CPU = Release|Any CPU
	EndGlobalSection
	GlobalSection(ProjectConfigurationPlatforms) = postSolution
		{992C2C03-A352-41A8-9B91-DA4FC4FDC998}.Debug|Any CPU.ActiveCfg = Debug|Any CPU
		{992C2C03-A352-41A8-9B91-DA4FC4FDC998}.Debug|Any CPU.Build.0 = Debug|Any CPU
		{992C2C03-A352-41A8-9B91-DA4FC4FDC998}.Release|Any CPU.ActiveCfg = Release|Any CPU
		{992C2C03-A352-41A8-9B91-DA4FC4FDC998}.Release|Any CPU.Build.0 = Release|Any CPU
		{5E536017-11EE-44D1-A9C7-5D8C7156335E}.Debug|Any CPU.ActiveCfg = Debug|Any CPU
		{5E536017-11EE-44D1-A9C7-5D8C7156335E}.Debug|Any CPU.Build.0 = Debug|Any CPU
		{5E536017-11EE-44D1-A9C7-5D8C7156335E}.Release|Any CPU.ActiveCfg = Release|Any CPU
		{5E536017-11EE-44D1-A9C7-5D8C7156335E}.Release|Any CPU.Build.0 = Release|Any CPU
		{CE8112A2-5263-48C4-8D0C-4CA7EADCE9FF}.Debug|Any CPU.ActiveCfg = Debug|Any CPU
		{CE8112A2-5263-48C4-8D0C-4CA7EADCE9FF}.Debug|Any CPU.Build.0 = Debug|Any CPU
		{CE8112A2-5263-48C4-8D0C-4CA7EADCE9FF}.Release|Any CPU.ActiveCfg = Release|Any CPU
		{CE8112A2-5263-48C4-8D0C-4CA7EADCE9FF}.Release|Any CPU.Build.0 = Release|Any CPU
		{BE1B6F7A-5A63-4FE5-B4D7-19DE235A6C0D}.Debug|Any CPU.ActiveCfg = Debug|Any CPU
		{BE1B6F7A-5A63-4FE5-B4D7-19DE235A6C0D}.Debug|Any CPU.Build.0 = Debug|Any CPU
		{BE1B6F7A-5A63-4FE5-B4D7-19DE235A6C0D}.Release|Any CPU.ActiveCfg = Release|Any CPU
		{BE1B6F7A-5A63-4FE5-B4D7-19DE235A6C0D}.Release|Any CPU.Build.0 = Release|Any CPU
		{34FC037E-44AC-4583-8532-53888221D600}.Debug|Any CPU.ActiveCfg = Debug|Any CPU
		{34FC037E-44AC-4583-8532-53888221D600}.Debug|Any CPU.Build.0 = Debug|Any CPU
		{34FC037E-44AC-4583-8532-53888221D600}.Release|Any CPU.ActiveCfg = Release|Any CPU
		{34FC037E-44AC-4583-8532-53888221D600}.Release|Any CPU.Build.0 = Release|Any CPU
		{E82E7E06-734B-4208-A7EB-EE736F462174}.Debug|Any CPU.ActiveCfg = Debug|Any CPU
		{E82E7E06-734B-4208-A7EB-EE736F462174}.Debug|Any CPU.Build.0 = Debug|Any CPU
		{E82E7E06-734B-4208-A7EB-EE736F462174}.Release|Any CPU.ActiveCfg = Release|Any CPU
		{E82E7E06-734B-4208-A7EB-EE736F462174}.Release|Any CPU.Build.0 = Release|Any CPU
		{764B1D0A-4018-49DC-95DF-E2905E2CA90E}.Debug|Any CPU.ActiveCfg = Debug|Any CPU
		{764B1D0A-4018-49DC-95DF-E2905E2CA90E}.Debug|Any CPU.Build.0 = Debug|Any CPU
		{764B1D0A-4018-49DC-95DF-E2905E2CA90E}.Release|Any CPU.ActiveCfg = Release|Any CPU
		{764B1D0A-4018-49DC-95DF-E2905E2CA90E}.Release|Any CPU.Build.0 = Release|Any CPU
		{C5CDDE7D-2C0B-42A4-B66E-ECB5047CB8EB}.Debug|Any CPU.ActiveCfg = Debug|Any CPU
		{C5CDDE7D-2C0B-42A4-B66E-ECB5047CB8EB}.Debug|Any CPU.Build.0 = Debug|Any CPU
		{C5CDDE7D-2C0B-42A4-B66E-ECB5047CB8EB}.Release|Any CPU.ActiveCfg = Release|Any CPU
		{C5CDDE7D-2C0B-42A4-B66E-ECB5047CB8EB}.Release|Any CPU.Build.0 = Release|Any CPU
		{33687004-0288-4010-B145-635B7021C4AC}.Debug|Any CPU.ActiveCfg = Debug|Any CPU
		{33687004-0288-4010-B145-635B7021C4AC}.Debug|Any CPU.Build.0 = Debug|Any CPU
		{33687004-0288-4010-B145-635B7021C4AC}.Release|Any CPU.ActiveCfg = Release|Any CPU
		{33687004-0288-4010-B145-635B7021C4AC}.Release|Any CPU.Build.0 = Release|Any CPU
		{7FB8489D-A5B3-456D-B3E0-6AC48239F808}.Debug|Any CPU.ActiveCfg = Debug|Any CPU
		{7FB8489D-A5B3-456D-B3E0-6AC48239F808}.Debug|Any CPU.Build.0 = Debug|Any CPU
		{7FB8489D-A5B3-456D-B3E0-6AC48239F808}.Release|Any CPU.ActiveCfg = Release|Any CPU
		{7FB8489D-A5B3-456D-B3E0-6AC48239F808}.Release|Any CPU.Build.0 = Release|Any CPU
		{2428F6D8-8CB7-49B1-AF46-7DF9A7B45228}.Debug|Any CPU.ActiveCfg = Debug|Any CPU
		{2428F6D8-8CB7-49B1-AF46-7DF9A7B45228}.Debug|Any CPU.Build.0 = Debug|Any CPU
		{2428F6D8-8CB7-49B1-AF46-7DF9A7B45228}.Release|Any CPU.ActiveCfg = Release|Any CPU
		{2428F6D8-8CB7-49B1-AF46-7DF9A7B45228}.Release|Any CPU.Build.0 = Release|Any CPU
		{06CE5F8D-61C4-4C0B-9949-864E13CD8F0E}.Debug|Any CPU.ActiveCfg = Debug|Any CPU
		{06CE5F8D-61C4-4C0B-9949-864E13CD8F0E}.Debug|Any CPU.Build.0 = Debug|Any CPU
		{06CE5F8D-61C4-4C0B-9949-864E13CD8F0E}.Release|Any CPU.ActiveCfg = Release|Any CPU
		{06CE5F8D-61C4-4C0B-9949-864E13CD8F0E}.Release|Any CPU.Build.0 = Release|Any CPU
		{5CA07566-9387-49F2-B572-286ADB45BA31}.Debug|Any CPU.ActiveCfg = Debug|Any CPU
		{5CA07566-9387-49F2-B572-286ADB45BA31}.Debug|Any CPU.Build.0 = Debug|Any CPU
		{5CA07566-9387-49F2-B572-286ADB45BA31}.Release|Any CPU.ActiveCfg = Release|Any CPU
		{5CA07566-9387-49F2-B572-286ADB45BA31}.Release|Any CPU.Build.0 = Release|Any CPU
		{3F06D475-1A22-4EC9-9E5C-0393F01F7E4A}.Debug|Any CPU.ActiveCfg = Debug|Any CPU
		{3F06D475-1A22-4EC9-9E5C-0393F01F7E4A}.Debug|Any CPU.Build.0 = Debug|Any CPU
		{3F06D475-1A22-4EC9-9E5C-0393F01F7E4A}.Release|Any CPU.ActiveCfg = Release|Any CPU
		{3F06D475-1A22-4EC9-9E5C-0393F01F7E4A}.Release|Any CPU.Build.0 = Release|Any CPU
		{C2236715-7E25-498E-8A0F-3925A268B9C5}.Debug|Any CPU.ActiveCfg = Debug|Any CPU
		{C2236715-7E25-498E-8A0F-3925A268B9C5}.Debug|Any CPU.Build.0 = Debug|Any CPU
		{C2236715-7E25-498E-8A0F-3925A268B9C5}.Release|Any CPU.ActiveCfg = Release|Any CPU
		{C2236715-7E25-498E-8A0F-3925A268B9C5}.Release|Any CPU.Build.0 = Release|Any CPU
		{59F0D934-F0C5-46C6-B475-6E1B5892EE12}.Debug|Any CPU.ActiveCfg = Debug|Any CPU
		{59F0D934-F0C5-46C6-B475-6E1B5892EE12}.Debug|Any CPU.Build.0 = Debug|Any CPU
		{59F0D934-F0C5-46C6-B475-6E1B5892EE12}.Release|Any CPU.ActiveCfg = Release|Any CPU
		{59F0D934-F0C5-46C6-B475-6E1B5892EE12}.Release|Any CPU.Build.0 = Release|Any CPU
		{DAE0BED2-FFB7-4A7C-8310-8153AC69BE62}.Debug|Any CPU.ActiveCfg = Debug|Any CPU
		{DAE0BED2-FFB7-4A7C-8310-8153AC69BE62}.Debug|Any CPU.Build.0 = Debug|Any CPU
		{DAE0BED2-FFB7-4A7C-8310-8153AC69BE62}.Release|Any CPU.ActiveCfg = Release|Any CPU
		{DAE0BED2-FFB7-4A7C-8310-8153AC69BE62}.Release|Any CPU.Build.0 = Release|Any CPU
		{0A6C83D0-601F-454A-939D-BC06BC5AD960}.Debug|Any CPU.ActiveCfg = Debug|Any CPU
		{0A6C83D0-601F-454A-939D-BC06BC5AD960}.Debug|Any CPU.Build.0 = Debug|Any CPU
		{0A6C83D0-601F-454A-939D-BC06BC5AD960}.Release|Any CPU.ActiveCfg = Release|Any CPU
		{0A6C83D0-601F-454A-939D-BC06BC5AD960}.Release|Any CPU.Build.0 = Release|Any CPU
		{2D116F99-17B7-4775-A6EC-96E95353E92F}.Debug|Any CPU.ActiveCfg = Debug|Any CPU
		{2D116F99-17B7-4775-A6EC-96E95353E92F}.Debug|Any CPU.Build.0 = Debug|Any CPU
		{2D116F99-17B7-4775-A6EC-96E95353E92F}.Release|Any CPU.ActiveCfg = Release|Any CPU
		{2D116F99-17B7-4775-A6EC-96E95353E92F}.Release|Any CPU.Build.0 = Release|Any CPU
	EndGlobalSection
	GlobalSection(SolutionProperties) = preSolution
		HideSolutionNode = FALSE
	EndGlobalSection
	GlobalSection(NestedProjects) = preSolution
		{992C2C03-A352-41A8-9B91-DA4FC4FDC998} = {C0A4F332-213B-4CF5-AE63-C2E79B3CF219}
		{3BE90673-6641-4B19-B101-49F96204A194} = {1D34D5E1-7A04-41FA-9C07-EA10029CE943}
		{C0A4F332-213B-4CF5-AE63-C2E79B3CF219} = {F6C93BBF-001D-4FA1-8CA7-F8A425BA886C}
		{3F6F4A8F-FB08-4AAB-B09B-8FA49A7BBB91} = {F6C93BBF-001D-4FA1-8CA7-F8A425BA886C}
		{5E536017-11EE-44D1-A9C7-5D8C7156335E} = {3F6F4A8F-FB08-4AAB-B09B-8FA49A7BBB91}
		{37396E91-B6C1-45CC-8DE8-63523223E5AD} = {F6C93BBF-001D-4FA1-8CA7-F8A425BA886C}
		{CE8112A2-5263-48C4-8D0C-4CA7EADCE9FF} = {37396E91-B6C1-45CC-8DE8-63523223E5AD}
		{BE1B6F7A-5A63-4FE5-B4D7-19DE235A6C0D} = {3BE90673-6641-4B19-B101-49F96204A194}
		{34FC037E-44AC-4583-8532-53888221D600} = {3BE90673-6641-4B19-B101-49F96204A194}
		{E82E7E06-734B-4208-A7EB-EE736F462174} = {3BE90673-6641-4B19-B101-49F96204A194}
		{764B1D0A-4018-49DC-95DF-E2905E2CA90E} = {3BE90673-6641-4B19-B101-49F96204A194}
		{C5CDDE7D-2C0B-42A4-B66E-ECB5047CB8EB} = {3BE90673-6641-4B19-B101-49F96204A194}
		{33687004-0288-4010-B145-635B7021C4AC} = {C0A4F332-213B-4CF5-AE63-C2E79B3CF219}
		{7FB8489D-A5B3-456D-B3E0-6AC48239F808} = {C0A4F332-213B-4CF5-AE63-C2E79B3CF219}
		{CE4CD9AF-4831-4857-998D-5027B8EA4BD1} = {F6C93BBF-001D-4FA1-8CA7-F8A425BA886C}
		{2428F6D8-8CB7-49B1-AF46-7DF9A7B45228} = {CE4CD9AF-4831-4857-998D-5027B8EA4BD1}
		{06CE5F8D-61C4-4C0B-9949-864E13CD8F0E} = {C0A4F332-213B-4CF5-AE63-C2E79B3CF219}
		{5CA07566-9387-49F2-B572-286ADB45BA31} = {3BE90673-6641-4B19-B101-49F96204A194}
		{3F06D475-1A22-4EC9-9E5C-0393F01F7E4A} = {C0A4F332-213B-4CF5-AE63-C2E79B3CF219}
		{C2236715-7E25-498E-8A0F-3925A268B9C5} = {C0A4F332-213B-4CF5-AE63-C2E79B3CF219}
		{59F0D934-F0C5-46C6-B475-6E1B5892EE12} = {C0A4F332-213B-4CF5-AE63-C2E79B3CF219}
		{DAE0BED2-FFB7-4A7C-8310-8153AC69BE62} = {3BE90673-6641-4B19-B101-49F96204A194}
		{0A6C83D0-601F-454A-939D-BC06BC5AD960} = {3BE90673-6641-4B19-B101-49F96204A194}
		{2D116F99-17B7-4775-A6EC-96E95353E92F} = {3BE90673-6641-4B19-B101-49F96204A194}
	EndGlobalSection
EndGlobal
